version = 1
revision = 3
requires-python = ">=3.12"

[[package]]
name = "colorama"
version = "0.4.6"
source = { registry = "https://pypi.org/simple" }
sdist = { url = "https://files.pythonhosted.org/packages/d8/53/6f443c9a4a8358a93a6792e2acffb9d9d5cb0a5cfd8802644b7b1c9a02e4/colorama-0.4.6.tar.gz", hash = "sha256:08695f5cb7ed6e0531a20572697297273c47b8cae5a63ffc6d6ed5c201be6e44", size = 27697, upload-time = "2022-10-25T02:36:22.414Z" }
wheels = [
    { url = "https://files.pythonhosted.org/packages/d1/d6/3965ed04c63042e047cb6a3e6ed1a63a35087b6a609aa3a15ed8ac56c221/colorama-0.4.6-py2.py3-none-any.whl", hash = "sha256:4f1d9991f5acc0ca119f9d443620b77f9d6b33703e51011c16baf57afb285fc6", size = 25335, upload-time = "2022-10-25T02:36:20.889Z" },
]

[[package]]
name = "hypergraph"
version = "0.5.0"
source = { editable = "." }
dependencies = [
    { name = "numpy" },
    { name = "scipy" },
]

[package.dev-dependencies]
dev = [
    { name = "pytest" },
]

[package.metadata]
requires-dist = [
    { name = "numpy" },
    { name = "scipy" },
]

[package.metadata.requires-dev]
dev = [{ name = "pytest" }]

[[package]]
name = "iniconfig"
version = "2.3.0"
source = { registry = "https://pypi.org/simple" }
sdist = { url = "https://files.pythonhosted.org/packages/72/34/14ca021ce8e5dfedc35312d08ba8bf51fdd999c576889fc2c24cb97f4f10/iniconfig-2.3.0.tar.gz", hash = "sha256:c76315c77db068650d49c5b56314774a7804df16fee4402c1f19d6d15d8c4730", size = 20503, upload-time = "2025-10-18T21:55:43.219Z" }
wheels = [
    { url = "https://files.pythonhosted.org/packages/cb/b1/3846dd7f199d53cb17f49cba7e651e9ce294d8497c8c150530ed11865bb8/iniconfig-2.3.0-py3-none-any.whl", hash = "sha256:f631c04d2c48c52b84d0d0549c99ff3859c98df65b3101406327ecc7d53fbf12", size = 7484, upload-time = "2025-10-18T21:55:41.639Z" },
]

[[package]]
name = "numpy"
version = "2.4.5"
source = { registry = "https://pypi.org/simple" }
sdist = { url = "https://files.pythonhosted.org/packages/50/8e/b8041bc719f056afd864478029d52214789341ac6583437b0ee5031e9530/numpy-2.4.5.tar.gz", hash = "sha256:ca670567a5683b7c1670ec03e0ddd5862e10934e92a70751d68d7b7b74ca7f9f", size = 20735669, upload-time = "2026-05-15T20:25:19.492Z" }
wheels = [
    { url = "https://files.pythonhosted.org/packages/6c/18/3275231e98620002681c922e792db04d72c356e9d8073c387344fc0e4ff1/numpy-2.4.5-cp312-cp312-macosx_10_13_x86_64.whl", hash = "sha256:654fb8674b61b1c4bd568f944d13a908566fdcb0d797303521d4149d16da05ef", size = 16689166, upload-time = "2026-05-15T20:22:50.761Z" },
    { url = "https://files.pythonhosted.org/packages/db/23/000aab6a16bdec53307f0f72546b57a3ac9266a62d8c257bee97d85fd078/numpy-2.4.5-cp312-cp312-macosx_11_0_arm64.whl", hash = "sha256:4cd9f6fa7ce10dc4627f2bb81dd9075dab67e94632e04c2b638e12575ddaa862", size = 14699514, upload-time = "2026-05-15T20:22:53.678Z" },
    { url = "https://files.pythonhosted.org/packages/47/cc/ddaf3af9c46966fef5be879256f213d85a0c56c75d07a3b7defec7cf6b4c/numpy-2.4.5-cp312-cp312-macosx_14_0_arm64.whl", hash = "sha256:4f5bc96d35d94e4ceab8b38a92241b4611e95dc44e63b9f1fa2a331858ee3507", size = 5204601, upload-time = "2026-05-15T20:22:56.257Z" },
    { url = "https://files.pythonhosted.org/packages/07/ea/627fadd11959b3c7759008f34c92a35af8ff942dd8284a66ced648bbe516/numpy-2.4.5-cp312-cp312-macosx_14_0_x86_64.whl", hash = "sha256:4bb33e900ee81730ad77a258965134aa8ceac805124f7e5229347beda4b8d0aa", size = 6551360, upload-time = "2026-05-15T20:22:58.334Z" },
    { url = "https://files.pythonhosted.org/packages/a1/47/0728b986b8682d742ff68c16baa5af9d185484abfc635c5cc700f44e62be/numpy-2.4.5-cp312-cp312-manylinux_2_27_aarch64.manylinux_2_28_aarch64.whl", hash = "sha256:32f8f852273ef32b291201ac2a2c97629c4a1ee8632bb670e3443eaa09fc2e72", size = 15671157, upload-time = "2026-05-15T20:23:01.081Z" },
    { url = "https://files.pythonhosted.org/packages/d1/0b/b905ae82d9419dc38123523862db64978ca2954b69609c3ae8fdaca1084c/numpy-2.4.5-cp312-cp312-manylinux_2_27_x86_64.manylinux_2_28_x86_64.whl", hash = "sha256:685681e956fc8dcb75adc6ff26694e1dfd738b24bd8d4696c51ca0110157f912", size = 16645703, upload-time = "2026-05-15T20:23:04.358Z" },
    { url = "https://files.pythonhosted.org/packages/5f/24/e27fc3f5236b4118ed9eed67111675f5c61a07ea333acec87c869c3b359d/numpy-2.4.5-cp312-cp312-musllinux_1_2_aarch64.whl", hash = "sha256:6f64dd84b277a737eb59513f6b9bb6195bf41ab11941ef15b2562dbab43fa8ef", size = 17021018, upload-time = "2026-05-15T20:23:07.021Z" },
    { url = "https://files.pythonhosted.org/packages/d3/a7/9041af38d527ab80a06a93570a77e29425b41507ad41f6acf5da78cfb4a4/numpy-2.4.5-cp312-cp312-musllinux_1_2_x86_64.whl", hash = "sha256:b42d9496f79e3a728192f05a42d86e36163217b7cdecb3813d0028a0aa6b72d7", size = 18368768, upload-time = "2026-05-15T20:23:09.44Z" },
    { url = "https://files.pythonhosted.org/packages/49/82/326a014442f32c2663434fd424d9298791f47f8a0f17585ad60519a5606e/numpy-2.4.5-cp312-cp312-win32.whl", hash = "sha256:86d980970f5110595ca14855768073b08585fc1acc36895de303e039e7dee4a5", size = 5962819, upload-time = "2026-05-15T20:23:11.631Z" },
    { url = "https://files.pythonhosted.org/packages/3c/f0/cbf5d391b0b3a5e8cad264603e2fae256b0bde8ce43566b13b78faedc659/numpy-2.4.5-cp312-cp312-win_amd64.whl", hash = "sha256:3333dba6a4e611d666f69e177ba8fe4140366ff681a5feb2374d3fd4fff3acb6", size = 12321621, upload-time = "2026-05-15T20:23:14.305Z" },
    { url = "https://files.pythonhosted.org/packages/3c/d0/0f18909d9bc37a5f3f969fc737d2bb5df9f2ff295f71b467e6f52a0d6c4e/numpy-2.4.5-cp312-cp312-win_arm64.whl", hash = "sha256:4593d197270b894efeb538dcbe227e4bcf1c77f88c4c6bf933ead812cfaa4453", size = 10221430, upload-time = "2026-05-15T20:23:16.887Z" },
    { url = "https://files.pythonhosted.org/packages/e3/a4/fb50657c7cab297bf34edcd60a074cb0647f61771430d6363575274160fe/numpy-2.4.5-cp313-cp313-macosx_10_13_x86_64.whl", hash = "sha256:1ef248460b645c102026b82337cc4e88231909c66dd77b59ec6d6cac7e44f277", size = 16684760, upload-time = "2026-05-15T20:23:19.436Z" },
    { url = "https://files.pythonhosted.org/packages/3e/43/87e731299b9408eda705b3b9cb31c7bceb9347d2af9cbb16b2b1e4b5bc0f/numpy-2.4.5-cp313-cp313-macosx_11_0_arm64.whl", hash = "sha256:4603622bdcdbf8dccb1d9d5b21d16a7aa4e473ae6c8e14048d846fd4ca2907a0", size = 14694117, upload-time = "2026-05-15T20:23:21.832Z" },
    { url = "https://files.pythonhosted.org/packages/a9/c7/0b2bb8acea222e9dd6e582afc2bc553b89b8833cbdccc68e68f050fb31f8/numpy-2.4.5-cp313-cp313-macosx_14_0_arm64.whl", hash = "sha256:6c18d49c67689c562854b53fdc433b93e47c12952aa6fa6d59f185e1a5992419", size = 5199141, upload-time = "2026-05-15T20:23:24.066Z" },
    { url = "https://files.pythonhosted.org/packages/39/60/b6972b5d47033d90000f0097c81a98b9486589a2d7003bf725bff275cb0d/numpy-2.4.5-cp313-cp313-macosx_14_0_x86_64.whl", hash = "sha256:b1c663ddc641f4192e90511bec61a09bc231e3bbdb996cdc6edbcaa0e528d685", size = 6546954, upload-time = "2026-05-15T20:23:26.099Z" },
    { url = "https://files.pythonhosted.org/packages/c1/e9/ed667cb12c11ca0adde431f685d3a5dd78e6f78b27228c581c8415198e9e/numpy-2.4.5-cp313-cp313-manylinux_2_27_aarch64.manylinux_2_28_aarch64.whl", hash = "sha256:93793222b524f692f12b2f8752ce8b1d9d9125b2bfd5dbf0fb69c92c5e1ce86c", size = 15669430, upload-time = "2026-05-15T20:23:28.147Z" },
    { url = "https://files.pythonhosted.org/packages/44/e5/679f6ffeb01294b0008e5ada4a113cb47617bc0e1819a529fd7973c6d7f4/numpy-2.4.5-cp313-cp313-manylinux_2_27_x86_64.manylinux_2_28_x86_64.whl", hash = "sha256:1616bde34b2bcba2fa9bde06217ce00da4f3d1bdfb264d54525a99e8fe170d83", size = 16633390, upload-time = "2026-05-15T20:23:31.622Z" },
    { url = "https://files.pythonhosted.org/packages/36/46/42bfffc9a780ec902ccd7470d3219192ee82b7b442710307dd85b4d121b0/numpy-2.4.5-cp313-cp313-musllinux_1_2_aarch64.whl", hash = "sha256:09d7d97da1c2c62f4818b3e150a57572ff8dcf1cf5ac501aac832ffd4ebd9566", size = 17020709, upload-time = "2026-05-15T20:23:34.08Z" },
    { url = "https://files.pythonhosted.org/packages/44/00/3e840bfee0cc6cec22209f2c97057f26eeb30de031e4933b4dfc0395416c/numpy-2.4.5-cp313-cp313-musllinux_1_2_x86_64.whl", hash = "sha256:2d68d0b355ab2e39fe0de59001d7151dfdbbb880ef67baeed806661e03df5097", size = 18357818, upload-time = "2026-05-15T20:23:36.965Z" },
    { url = "https://files.pythonhosted.org/packages/72/cb/3447b400b9da84134575486f0f656541559b00d4b262477bce9b678bbca8/numpy-2.4.5-cp313-cp313-win32.whl", hash = "sha256:fe28b64777ddfa0eca9b5f51474034ebe3dcb8324f48f27b28f479085673ae33", size = 5961114, upload-time = "2026-05-15T20:23:39.586Z" },
    { url = "https://files.pythonhosted.org/packages/28/f9/a90d2220ffcdc0798f5d55bb5d5463cd6254ec9ef43f384dae80217d7a2f/numpy-2.4.5-cp313-cp313-win_amd64.whl", hash = "sha256:fb4a6c9c537d6ccec9cc4aeae4261bd3cc79b070c67ddc0646f5b1c07fddde42", size = 12318553, upload-time = "2026-05-15T20:23:41.436Z" },
    { url = "https://files.pythonhosted.org/packages/b8/c9/96f531fb3234545315152d34efdf3de7daee81254448447eb619e8d16967/numpy-2.4.5-cp313-cp313-win_arm64.whl", hash = "sha256:6d7df2da2e7ea0624a43aa368104b3a3ce14aae98ad4bb2c9a93fecef76f1c97", size = 10222200, upload-time = "2026-05-15T20:23:43.681Z" },
    { url = "https://files.pythonhosted.org/packages/e1/f4/a291caab5a3c520babf93ff77c54fd5fdb1ebbc3296cee2eb2146ce773b1/numpy-2.4.5-cp313-cp313t-macosx_11_0_arm64.whl", hash = "sha256:2a235607a18df941760a695927051af4b1cd5d3ee85840d0e2af816785771feb", size = 14821438, upload-time = "2026-05-15T20:23:45.911Z" },
    { url = "https://files.pythonhosted.org/packages/85/26/13dbb1159b864370568e7309063fd72667984df89db74e9caeb175d067c7/numpy-2.4.5-cp313-cp313t-macosx_14_0_arm64.whl", hash = "sha256:58dcf64969d870f36bc7fbd557d2617e997db7dc06261b6e3327148ea460d0a4", size = 5326663, upload-time = "2026-05-15T20:23:48.18Z" },
    { url = "https://files.pythonhosted.org/packages/7c/99/d233408072a0e019e2288e27edd23f7d572ccd4a73d1539baa3270ede85d/numpy-2.4.5-cp313-cp313t-macosx_14_0_x86_64.whl", hash = "sha256:235f54b0156274d8fa3155db3ed6d2f401c7e8f3367c90db0a12f02a58fde6ed", size = 6646874, upload-time = "2026-05-15T20:23:49.856Z" },
    { url = "https://files.pythonhosted.org/packages/c5/00/eeb6f193dfe767725e952e0464f3e51f44145c5dd261cd7389aa36ac0713/numpy-2.4.5-cp313-cp313t-manylinux_2_27_aarch64.manylinux_2_28_aarch64.whl", hash = "sha256:ef3b5bb65437a3555c648e706475db01c645559ca80dc8b03e4f202ea757e0d6", size = 15728147, upload-time = "2026-05-15T20:23:51.655Z" },
    { url = "https://files.pythonhosted.org/packages/e5/c9/b8ed039f1fde1b13a8807c893e7e2f9432a379f4d6401edecf0028da5b2c/numpy-2.4.5-cp313-cp313t-manylinux_2_27_x86_64.manylinux_2_28_x86_64.whl", hash = "sha256:7f09a7e5f017d7098c66522097c96257411c9620c0926212200d66bc8cee3976", size = 16681770, upload-time = "2026-05-15T20:23:53.933Z" },
    { url = "https://files.pythonhosted.org/packages/11/5b/0198ef6cb7016eca6d895d392106012138127fab23f46637e76d5e25c9f5/numpy-2.4.5-cp313-cp313t-musllinux_1_2_aarch64.whl", hash = "sha256:993a88d8fdd8554466a8765cd8bacd97ba56b70ca6b0a04bcdca77f5afed4222", size = 17086218, upload-time = "2026-05-15T20:23:56.646Z" },
    { url = "https://files.pythonhosted.org/packages/f0/fe/8821f3cfc660ae84c92ee158505941874b62c56a42e035a41425228cd8cf/numpy-2.4.5-cp313-cp313t-musllinux_1_2_x86_64.whl", hash = "sha256:84f58bed609b5669f5ad3d597901a4f1f86ee5b3c3708aaa55f05b4fe6e0f656", size = 18403542, upload-time = "2026-05-15T20:23:59.173Z" },
    { url = "https://files.pythonhosted.org/packages/0e/00/e64ecaf498865e7b091f57658b2c522503e5d1b70e43b807f5f8247e1d88/numpy-2.4.5-cp313-cp313t-win32.whl", hash = "sha256:7200c58f3f933ca61e66346667dcc8510bb111995e9ce15398a731e6a4afa4bb", size = 6084903, upload-time = "2026-05-15T20:24:01.506Z" },
    { url = "https://files.pythonhosted.org/packages/20/c0/354997dedaf74e8311c2cf9a6027b476fd8d424cb92189cc0ae2b25f501c/numpy-2.4.5-cp313-cp313t-win_amd64.whl", hash = "sha256:c26c71080d35db5002102f5d9ff614d45de02aa1f7802943e691e063e5ee93bc", size = 12458420, upload-time = "2026-05-15T20:24:03.735Z" },
    { url = "https://files.pythonhosted.org/packages/66/dc/917ee5ea4a31ca1a6e4c9a85386477efa318dcc60db257c5ef4adda096c1/numpy-2.4.5-cp313-cp313t-win_arm64.whl", hash = "sha256:2caa576d1707b275cba1aeb60a5c50daa6fa2a3f28ecb08123bc05fd439005db", size = 10291826, upload-time = "2026-05-15T20:24:06.535Z" },
    { url = "https://files.pythonhosted.org/packages/ca/c1/3be0bf102fc17cff5bd142e3be0bfffabec6fa46da0a462396c76b0765d0/numpy-2.4.5-cp314-cp314-macosx_10_15_x86_64.whl", hash = "sha256:889ca2c072315de638a5194a772aa1fa2df92bdd6175f6a222d4784040424b61", size = 16683455, upload-time = "2026-05-15T20:24:08.988Z" },
    { url = "https://files.pythonhosted.org/packages/e8/3e/0742d724901fa36bc54b338c6e62e463a7601180da896aa44978f0adf004/numpy-2.4.5-cp314-cp314-macosx_11_0_arm64.whl", hash = "sha256:89e89304fb1f8c3f0ecfa4a7d48f311dd79771336a940e920159d643d1307e77", size = 14704577, upload-time = "2026-05-15T20:24:11.542Z" },
    { url = "https://files.pythonhosted.org/packages/25/1c/196c610ff4c6782d697ba780ebdc1616be143213701bf22c1a270f3bf7dd/numpy-2.4.5-cp314-cp314-macosx_14_0_arm64.whl", hash = "sha256:144fcc5a3a17679b2b82543b4a2d8dd29937230a7af13232b5f753872feb6361", size = 5209756, upload-time = "2026-05-15T20:24:14.091Z" },
    { url = "https://files.pythonhosted.org/packages/52/c0/23fb1bc506f774e03db66219a2830e720f4d3dbcaaddf855a7ff7bb6d96f/numpy-2.4.5-cp314-cp314-macosx_14_0_x86_64.whl", hash = "sha256:398bb16772b265b9fa5c07b07072646ea97137c10ffb62a9a087b277fc825c29", size = 6543937, upload-time = "2026-05-15T20:24:16.223Z" },
    { url = "https://files.pythonhosted.org/packages/9f/49/db4662c26e68520afcc84d672a6f9f5294063dee0e57a46d61afdaa7f9ed/numpy-2.4.5-cp314-cp314-manylinux_2_27_aarch64.manylinux_2_28_aarch64.whl", hash = "sha256:fb352e7b8876da1249e72254736d6c58c505fa4e58a3d7e30efca241ca9ca9ce", size = 15685292, upload-time = "2026-05-15T20:24:17.978Z" },
    { url = "https://files.pythonhosted.org/packages/43/80/1315439acedd8398319bac177d6de3d48ab39c62cc0c810f74f0a9a73996/numpy-2.4.5-cp314-cp314-manylinux_2_27_x86_64.manylinux_2_28_x86_64.whl", hash = "sha256:7341b08ff8124d7353939778e2707b8732d03c78c1c30e0815aba2dacbe1245a", size = 16638528, upload-time = "2026-05-15T20:24:20.478Z" },
    { url = "https://files.pythonhosted.org/packages/56/81/364388600932618fe735d97fdd2437cb8dd87a23377ac11d8b9d5db098b7/numpy-2.4.5-cp314-cp314-musllinux_1_2_aarch64.whl", hash = "sha256:deb01226f012539f3945261ffe1c10aec081a0fa0a5c925419933c70f3ae2d23", size = 17036709, upload-time = "2026-05-15T20:24:22.949Z" },
    { url = "https://files.pythonhosted.org/packages/32/4a/a1185b18a94a6d9587e54b437e7d0ba36ecf6e614f1bea03f5249912c64e/numpy-2.4.5-cp314-cp314-musllinux_1_2_x86_64.whl", hash = "sha256:d888bdf7335f76878c3c7b264ac1ff089863e211ec81249f9fb5795c2183dc25", size = 18363254, upload-time = "2026-05-15T20:24:25.402Z" },
    { url = "https://files.pythonhosted.org/packages/b9/8e/95c1d2ed15ae97750ede8c8a0ac487c9c01207afff430f47078b1d9d7dc5/numpy-2.4.5-cp314-cp314-win32.whl", hash = "sha256:15f90d1256e9b2320aff24fde44815b787ab6d7c49a1a11bfd8138b321c5f080", size = 6010184, upload-time = "2026-05-15T20:24:27.852Z" },
    { url = "https://files.pythonhosted.org/packages/aa/92/d063df4d63d988b20d881856c74df76c0c1786229bb870f3a52af0981d4d/numpy-2.4.5-cp314-cp314-win_amd64.whl", hash = "sha256:4bd2cd4ef9c0afa87de73723c0a33c0edff62143e1432917458e26d3d195d87f", size = 12450344, upload-time = "2026-05-15T20:24:29.856Z" },
    { url = "https://files.pythonhosted.org/packages/3d/64/c0ae481f7c3b2f85869bcd8fc5d30aa7c96b394162eef9c9315957f115c5/numpy-2.4.5-cp314-cp314-win_arm64.whl", hash = "sha256:db304568c650e9d7039744d3575d0d287754debb2057d7c7b8cdfdc2c487a957", size = 10495674, upload-time = "2026-05-15T20:24:32.352Z" },
    { url = "https://files.pythonhosted.org/packages/57/89/c5a4c677acf17aa50ba09a15e61812f90baac42bb6ca38d112e005858351/numpy-2.4.5-cp314-cp314t-macosx_11_0_arm64.whl", hash = "sha256:6de2883e0d2c63eae1bab1a84b390dca74aabb3d20ea1f5d58f360853c83abf3", size = 14824078, upload-time = "2026-05-15T20:24:34.669Z" },
    { url = "https://files.pythonhosted.org/packages/e7/52/57e7144284f6b51ba93523e495ff239260b1ecd5257e3700a436332e5688/numpy-2.4.5-cp314-cp314t-macosx_14_0_arm64.whl", hash = "sha256:06760fe73ae5005008748d182de612c733542af3cde063d532cd2127561b27be", size = 5329246, upload-time = "2026-05-15T20:24:36.957Z" },
    { url = "https://files.pythonhosted.org/packages/b9/b3/09dbce80fd4a7db4318f2fc01eec0ae76f29306442b5a32d4b811d082cdf/numpy-2.4.5-cp314-cp314t-macosx_14_0_x86_64.whl", hash = "sha256:4b51a01745cb04cc19278482207444b4d30728ce91c28d27a3bfae5fc6ff24c7", size = 6649877, upload-time = "2026-05-15T20:24:38.861Z" },
    { url = "https://files.pythonhosted.org/packages/30/c2/dbdb23e82d540b757690ef13f011c386fca6a63848eec6136baf8ce7cbed/numpy-2.4.5-cp314-cp314t-manylinux_2_27_aarch64.manylinux_2_28_aarch64.whl", hash = "sha256:9a05636d7937d0936f271e5ba957fa8d746b5be3c2025caa1a2508f4fe521d40", size = 15730534, upload-time = "2026-05-15T20:24:41.168Z" },
    { url = "https://files.pythonhosted.org/packages/c4/bd/68f6e9b3c20decf40ac06708a7b506757e3a8588efed32988d1b747316be/numpy-2.4.5-cp314-cp314t-manylinux_2_27_x86_64.manylinux_2_28_x86_64.whl", hash = "sha256:14b86f56048ed09c3bbe48962a7dff077c2fd3274f8cf981800f3b38eac49cc3", size = 16679741, upload-time = "2026-05-15T20:24:44.874Z" },
    { url = "https://files.pythonhosted.org/packages/39/1d/0fcac0b6b4ea1b50ca8fca05a34bed5c8d56e34c1cb5ffb04cf76109ac3c/numpy-2.4.5-cp314-cp314t-musllinux_1_2_aarch64.whl", hash = "sha256:130d58151c4db23e9fa860b84784e219a3aa3e030acc88a493ea37006c4dfd4c", size = 17085598, upload-time = "2026-05-15T20:24:47.603Z" },
    { url = "https://files.pythonhosted.org/packages/0b/e8/a472b2564cf6cc498ad7aa9741d9832648221b8ab8cc0dbef41faa248ede/numpy-2.4.5-cp314-cp314t-musllinux_1_2_x86_64.whl", hash = "sha256:d475afc8cbe935ff5944f753d863bba774d7f4e1feaaa4102901e3e053ca5963", size = 18403855, upload-time = "2026-05-15T20:24:50.474Z" },
    { url = "https://files.pythonhosted.org/packages/b9/a4/da82196f8cc4bd28ecf17bd57008c84f3d4696caf06753d9bad45e4ad749/numpy-2.4.5-cp314-cp314t-win32.whl", hash = "sha256:27f4a6dc26353a860b348961b9aa9e009835688b435cfa105e873b8dc2c726f5", size = 6156900, upload-time = "2026-05-15T20:24:53.134Z" },
    { url = "https://files.pythonhosted.org/packages/98/31/860959b91a73d9a085006554fa3850da51a7ffab64599bac5097243438ab/numpy-2.4.5-cp314-cp314t-win_amd64.whl", hash = "sha256:76ac6e90f5e226011c88f9b7040a4bcae612518bc7e9adc127e697a13b28ad1a", size = 12638906, upload-time = "2026-05-15T20:24:55.009Z" },
    { url = "https://files.pythonhosted.org/packages/9e/2a/bbd3097913083ad07c0f28fc9629666221fc18923e17ce97ae22a5dccdd6/numpy-2.4.5-cp314-cp314t-win_arm64.whl", hash = "sha256:7c392e2c1bf596701d3c6832be7567eab5d5b0a13865036c33365ee097d37f8b", size = 10565875, upload-time = "2026-05-15T20:24:57.425Z" },
]

[[package]]
name = "packaging"
version = "26.2"
source = { registry = "https://pypi.org/simple" }
sdist = { url = "https://files.pythonhosted.org/packages/d7/f1/e7a6dd94a8d4a5626c03e4e99c87f241ba9e350cd9e6d75123f992427270/packaging-26.2.tar.gz", hash = "sha256:ff452ff5a3e828ce110190feff1178bb1f2ea2281fa2075aadb987c2fb221661", size = 228134, upload-time = "2026-04-24T20:15:23.917Z" }
wheels = [
    { url = "https://files.pythonhosted.org/packages/df/b2/87e62e8c3e2f4b32e5fe99e0b86d576da1312593b39f47d8ceef365e95ed/packaging-26.2-py3-none-any.whl", hash = "sha256:5fc45236b9446107ff2415ce77c807cee2862cb6fac22b8a73826d0693b0980e", size = 100195, upload-time = "2026-04-24T20:15:22.081Z" },
]

[[package]]
name = "pluggy"
version = "1.6.0"
source = { registry = "https://pypi.org/simple" }
sdist = { url = "https://files.pythonhosted.org/packages/f9/e2/3e91f31a7d2b083fe6ef3fa267035b518369d9511ffab804f839851d2779/pluggy-1.6.0.tar.gz", hash = "sha256:7dcc130b76258d33b90f61b658791dede3486c3e6bfb003ee5c9bfb396dd22f3", size = 69412, upload-time = "2025-05-15T12:30:07.975Z" }
wheels = [
    { url = "https://files.pythonhosted.org/packages/54/20/4d324d65cc6d9205fabedc306948156824eb9f0ee1633355a8f7ec5c66bf/pluggy-1.6.0-py3-none-any.whl", hash = "sha256:e920276dd6813095e9377c0bc5566d94c932c33b27a3e3945d8389c374dd4746", size = 20538, upload-time = "2025-05-15T12:30:06.134Z" },
]

[[package]]
name = "pygments"
version = "2.20.0"
source = { registry = "https://pypi.org/simple" }
sdist = { url = "https://files.pythonhosted.org/packages/c3/b2/bc9c9196916376152d655522fdcebac55e66de6603a76a02bca1b6414f6c/pygments-2.20.0.tar.gz", hash = "sha256:6757cd03768053ff99f3039c1a36d6c0aa0b263438fcab17520b30a303a82b5f", size = 4955991, upload-time = "2026-03-29T13:29:33.898Z" }
wheels = [
    { url = "https://files.pythonhosted.org/packages/f4/7e/a72dd26f3b0f4f2bf1dd8923c85f7ceb43172af56d63c7383eb62b332364/pygments-2.20.0-py3-none-any.whl", hash = "sha256:81a9e26dd42fd28a23a2d169d86d7ac03b46e2f8b59ed4698fb4785f946d0176", size = 1231151, upload-time = "2026-03-29T13:29:30.038Z" },
]

[[package]]
name = "pytest"
version = "9.0.3"
source = { registry = "https://pypi.org/simple" }
dependencies = [
    { name = "colorama", marker = "sys_platform == 'win32'" },
    { name = "iniconfig" },
    { name = "packaging" },
    { name = "pluggy" },
    { name = "pygments" },
]
sdist = { url = "https://files.pythonhosted.org/packages/7d/0d/549bd94f1a0a402dc8cf64563a117c0f3765662e2e668477624baeec44d5/pytest-9.0.3.tar.gz", hash = "sha256:b86ada508af81d19edeb213c681b1d48246c1a91d304c6c81a427674c17eb91c", size = 1572165, upload-time = "2026-04-07T17:16:18.027Z" }
wheels = [
    { url = "https://files.pythonhosted.org/packages/d4/24/a372aaf5c9b7208e7112038812994107bc65a84cd00e0354a88c2c77a617/pytest-9.0.3-py3-none-any.whl", hash = "sha256:2c5efc453d45394fdd706ade797c0a81091eccd1d6e4bccfcd476e2b8e0ab5d9", size = 375249, upload-time = "2026-04-07T17:16:16.13Z" },
]

[[package]]
name = "scipy"
version = "1.17.1"
source = { registry = "https://pypi.org/simple" }
dependencies = [
    { name = "numpy" },
]
sdist = { url = "https://files.pythonhosted.org/packages/7a/97/5a3609c4f8d58b039179648e62dd220f89864f56f7357f5d4f45c29eb2cc/scipy-1.17.1.tar.gz", hash = "sha256:95d8e012d8cb8816c226aef832200b1d45109ed4464303e997c5b13122b297c0", size = 30573822, upload-time = "2026-02-23T00:26:24.851Z" }
wheels = [
    { url = "https://files.pythonhosted.org/packages/35/48/b992b488d6f299dbe3f11a20b24d3dda3d46f1a635ede1c46b5b17a7b163/scipy-1.17.1-cp312-cp312-macosx_10_14_x86_64.whl", hash = "sha256:35c3a56d2ef83efc372eaec584314bd0ef2e2f0d2adb21c55e6ad5b344c0dcb8", size = 31610954, upload-time = "2026-02-23T00:17:49.855Z" },
    { url = "https://files.pythonhosted.org/packages/b2/02/cf107b01494c19dc100f1d0b7ac3cc08666e96ba2d64db7626066cee895e/scipy-1.17.1-cp312-cp312-macosx_12_0_arm64.whl", hash = "sha256:fcb310ddb270a06114bb64bbe53c94926b943f5b7f0842194d585c65eb4edd76", size = 28172662, upload-time = "2026-02-23T00:18:01.64Z" },
    { url = "https://files.pythonhosted.org/packages/cf/a9/599c28631bad314d219cf9ffd40e985b24d603fc8a2f4ccc5ae8419a535b/scipy-1.17.1-cp312-cp312-macosx_14_0_arm64.whl", hash = "sha256:cc90d2e9c7e5c7f1a482c9875007c095c3194b1cfedca3c2f3291cdc2bc7c086", size = 20344366, upload-time = "2026-02-23T00:18:12.015Z" },
    { url = "https://files.pythonhosted.org/packages/35/f5/906eda513271c8deb5af284e5ef0206d17a96239af79f9fa0aebfe0e36b4/scipy-1.17.1-cp312-cp312-macosx_14_0_x86_64.whl", hash = "sha256:c80be5ede8f3f8eded4eff73cc99a25c388ce98e555b17d31da05287015ffa5b", size = 22704017, upload-time = "2026-02-23T00:18:21.502Z" },
    { url = "https://files.pythonhosted.org/packages/da/34/16f10e3042d2f1d6b66e0428308ab52224b6a23049cb2f5c1756f713815f/scipy-1.17.1-cp312-cp312-manylinux_2_27_aarch64.manylinux_2_28_aarch64.whl", hash = "sha256:e19ebea31758fac5893a2ac360fedd00116cbb7628e650842a6691ba7ca28a21", size = 32927842, upload-time = "2026-02-23T00:18:35.367Z" },
    { url = "https://files.pythonhosted.org/packages/01/8e/1e35281b8ab6d5d72ebe9911edcdffa3f36b04ed9d51dec6dd140396e220/scipy-1.17.1-cp312-cp312-manylinux_2_27_x86_64.manylinux_2_28_x86_64.whl", hash = "sha256:02ae3b274fde71c5e92ac4d54bc06c42d80e399fec704383dcd99b301df37458", size = 35235890, upload-time = "2026-02-23T00:18:49.188Z" },
    { url = "https://files.pythonhosted.org/packages/c5/5c/9d7f4c88bea6e0d5a4f1bc0506a53a00e9fcb198de372bfe4d3652cef482/scipy-1.17.1-cp312-cp312-musllinux_1_2_aarch64.whl", hash = "sha256:8a604bae87c6195d8b1045eddece0514d041604b14f2727bbc2b3020172045eb", size = 35003557, upload-time = "2026-02-23T00:18:54.74Z" },
    { url = "https://files.pythonhosted.org/packages/65/94/7698add8f276dbab7a9de9fb6b0e02fc13ee61d51c7c3f85ac28b65e1239/scipy-1.17.1-cp312-cp312-musllinux_1_2_x86_64.whl", hash = "sha256:f590cd684941912d10becc07325a3eeb77886fe981415660d9265c4c418d0bea", size = 37625856, upload-time = "2026-02-23T00:19:00.307Z" },
    { url = "https://files.pythonhosted.org/packages/a2/84/dc08d77fbf3d87d3ee27f6a0c6dcce1de5829a64f2eae85a0ecc1f0daa73/scipy-1.17.1-cp312-cp312-win_amd64.whl", hash = "sha256:41b71f4a3a4cab9d366cd9065b288efc4d4f3c0b37a91a8e0947fb5bd7f31d87", size = 36549682, upload-time = "2026-02-23T00:19:07.67Z" },
    { url = "https://files.pythonhosted.org/packages/bc/98/fe9ae9ffb3b54b62559f52dedaebe204b408db8109a8c66fdd04869e6424/scipy-1.17.1-cp312-cp312-win_arm64.whl", hash = "sha256:f4115102802df98b2b0db3cce5cb9b92572633a1197c77b7553e5203f284a5b3", size = 24547340, upload-time = "2026-02-23T00:19:12.024Z" },
    { url = "https://files.pythonhosted.org/packages/76/27/07ee1b57b65e92645f219b37148a7e7928b82e2b5dbeccecb4dff7c64f0b/scipy-1.17.1-cp313-cp313-macosx_10_14_x86_64.whl", hash = "sha256:5e3c5c011904115f88a39308379c17f91546f77c1667cea98739fe0fccea804c", size = 31590199, upload-time = "2026-02-23T00:19:17.192Z" },
    { url = "https://files.pythonhosted.org/packages/ec/ae/db19f8ab842e9b724bf5dbb7db29302a91f1e55bc4d04b1025d6d605a2c5/scipy-1.17.1-cp313-cp313-macosx_12_0_arm64.whl", hash = "sha256:6fac755ca3d2c3edcb22f479fceaa241704111414831ddd3bc6056e18516892f", size = 28154001, upload-time = "2026-02-23T00:19:22.241Z" },
    { url = "https://files.pythonhosted.org/packages/5b/58/3ce96251560107b381cbd6e8413c483bbb1228a6b919fa8652b0d4090e7f/scipy-1.17.1-cp313-cp313-macosx_14_0_arm64.whl", hash = "sha256:7ff200bf9d24f2e4d5dc6ee8c3ac64d739d3a89e2326ba68aaf6c4a2b838fd7d", size = 20325719, upload-time = "2026-02-23T00:19:26.329Z" },
    { url = "https://files.pythonhosted.org/packages/b2/83/15087d945e0e4d48ce2377498abf5ad171ae013232ae31d06f336e64c999/scipy-1.17.1-cp313-cp313-macosx_14_0_x86_64.whl", hash = "sha256:4b400bdc6f79fa02a4d86640310dde87a21fba0c979efff5248908c6f15fad1b", size = 22683595, upload-time = "2026-02-23T00:19:30.304Z" },
    { url = "https://files.pythonhosted.org/packages/b4/e0/e58fbde4a1a594c8be8114eb4aac1a55bcd6587047efc18a61eb1f5c0d30/scipy-1.17.1-cp313-cp313-manylinux_2_27_aarch64.manylinux_2_28_aarch64.whl", hash = "sha256:2b64ca7d4aee0102a97f3ba22124052b4bd2152522355073580bf4845e2550b6", size = 32896429, upload-time = "2026-02-23T00:19:35.536Z" },
    { url = "https://files.pythonhosted.org/packages/f5/5f/f17563f28ff03c7b6799c50d01d5d856a1d55f2676f537ca8d28c7f627cd/scipy-1.17.1-cp313-cp313-manylinux_2_27_x86_64.manylinux_2_28_x86_64.whl", hash = "sha256:581b2264fc0aa555f3f435a5944da7504ea3a065d7029ad60e7c3d1ae09c5464", size = 35203952, upload-time = "2026-02-23T00:19:42.259Z" },
    { url = "https://files.pythonhosted.org/packages/8d/a5/9afd17de24f657fdfe4df9a3f1ea049b39aef7c06000c13db1530d81ccca/scipy-1.17.1-cp313-cp313-musllinux_1_2_aarch64.whl", hash = "sha256:beeda3d4ae615106d7094f7e7cef6218392e4465cc95d25f900bebabfded0950", size = 34979063, upload-time = "2026-02-23T00:19:47.547Z" },
    { url = "https://files.pythonhosted.org/packages/8b/13/88b1d2384b424bf7c924f2038c1c409f8d88bb2a8d49d097861dd64a57b2/scipy-1.17.1-cp313-cp313-musllinux_1_2_x86_64.whl", hash = "sha256:6609bc224e9568f65064cfa72edc0f24ee6655b47575954ec6339534b2798369", size = 37598449, upload-time = "2026-02-23T00:19:53.238Z" },
    { url = "https://files.pythonhosted.org/packages/35/e5/d6d0e51fc888f692a35134336866341c08655d92614f492c6860dc45bb2c/scipy-1.17.1-cp313-cp313-win_amd64.whl", hash = "sha256:37425bc9175607b0268f493d79a292c39f9d001a357bebb6b88fdfaff13f6448", size = 36510943, upload-time = "2026-02-23T00:20:50.89Z" },
    { url = "https://files.pythonhosted.org/packages/2a/fd/3be73c564e2a01e690e19cc618811540ba5354c67c8680dce3281123fb79/scipy-1.17.1-cp313-cp313-win_arm64.whl", hash = "sha256:5cf36e801231b6a2059bf354720274b7558746f3b1a4efb43fcf557ccd484a87", size = 24545621, upload-time = "2026-02-23T00:20:55.871Z" },
    { url = "https://files.pythonhosted.org/packages/6f/6b/17787db8b8114933a66f9dcc479a8272e4b4da75fe03b0c282f7b0ade8cd/scipy-1.17.1-cp313-cp313t-macosx_10_14_x86_64.whl", hash = "sha256:d59c30000a16d8edc7e64152e30220bfbd724c9bbb08368c054e24c651314f0a", size = 31936708, upload-time = "2026-02-23T00:19:58.694Z" },
    { url = "https://files.pythonhosted.org/packages/38/2e/524405c2b6392765ab1e2b722a41d5da33dc5c7b7278184a8ad29b6cb206/scipy-1.17.1-cp313-cp313t-macosx_12_0_arm64.whl", hash = "sha256:010f4333c96c9bb1a4516269e33cb5917b08ef2166d5556ca2fd9f082a9e6ea0", size = 28570135, upload-time = "2026-02-23T00:20:03.934Z" },
    { url = "https://files.pythonhosted.org/packages/fd/c3/5bd7199f4ea8556c0c8e39f04ccb014ac37d1468e6cfa6a95c6b3562b76e/scipy-1.17.1-cp313-cp313t-macosx_14_0_arm64.whl", hash = "sha256:2ceb2d3e01c5f1d83c4189737a42d9cb2fc38a6eeed225e7515eef71ad301dce", size = 20741977, upload-time = "2026-02-23T00:20:07.935Z" },
    { url = "https://files.pythonhosted.org/packages/d9/b8/8ccd9b766ad14c78386599708eb745f6b44f08400a5fd0ade7cf89b6fc93/scipy-1.17.1-cp313-cp313t-macosx_14_0_x86_64.whl", hash = "sha256:844e165636711ef41f80b4103ed234181646b98a53c8f05da12ca5ca289134f6", size = 23029601, upload-time = "2026-02-23T00:20:12.161Z" },
    { url = "https://files.pythonhosted.org/packages/6d/a0/3cb6f4d2fb3e17428ad2880333cac878909ad1a89f678527b5328b93c1d4/scipy-1.17.1-cp313-cp313t-manylinux_2_27_aarch64.manylinux_2_28_aarch64.whl", hash = "sha256:158dd96d2207e21c966063e1635b1063cd7787b627b6f07305315dd73d9c679e", size = 33019667, upload-time = "2026-02-23T00:20:17.208Z" },
    { url = "https://files.pythonhosted.org/packages/f3/c3/2d834a5ac7bf3a0c806ad1508efc02dda3c8c61472a56132d7894c312dea/scipy-1.17.1-cp313-cp313t-manylinux_2_27_x86_64.manylinux_2_28_x86_64.whl", hash = "sha256:74cbb80d93260fe2ffa334efa24cb8f2f0f622a9b9febf8b483c0b865bfb3475", size = 35264159, upload-time = "2026-02-23T00:20:23.087Z" },
    { url = "https://files.pythonhosted.org/packages/4d/77/d3ed4becfdbd217c52062fafe35a72388d1bd82c2d0ba5ca19d6fcc93e11/scipy-1.17.1-cp313-cp313t-musllinux_1_2_aarch64.whl", hash = "sha256:dbc12c9f3d185f5c737d801da555fb74b3dcfa1a50b66a1a93e09190f41fab50", size = 35102771, upload-time = "2026-02-23T00:20:28.636Z" },
    { url = "https://files.pythonhosted.org/packages/bd/12/d19da97efde68ca1ee5538bb261d5d2c062f0c055575128f11a2730e3ac1/scipy-1.17.1-cp313-cp313t-musllinux_1_2_x86_64.whl", hash = "sha256:94055a11dfebe37c656e70317e1996dc197e1a15bbcc351bcdd4610e128fe1ca", size = 37665910, upload-time = "2026-02-23T00:20:34.743Z" },
    { url = "https://files.pythonhosted.org/packages/06/1c/1172a88d507a4baaf72c5a09bb6c018fe2ae0ab622e5830b703a46cc9e44/scipy-1.17.1-cp313-cp313t-win_amd64.whl", hash = "sha256:e30bdeaa5deed6bc27b4cc490823cd0347d7dae09119b8803ae576ea0ce52e4c", size = 36562980, upload-time = "2026-02-23T00:20:40.575Z" },
    { url = "https://files.pythonhosted.org/packages/70/b0/eb757336e5a76dfa7911f63252e3b7d1de00935d7705cf772db5b45ec238/scipy-1.17.1-cp313-cp313t-win_arm64.whl", hash = "sha256:a720477885a9d2411f94a93d16f9d89bad0f28ca23c3f8daa521e2dcc3f44d49", size = 24856543, upload-time = "2026-02-23T00:20:45.313Z" },
    { url = "https://files.pythonhosted.org/packages/cf/83/333afb452af6f0fd70414dc04f898647ee1423979ce02efa75c3b0f2c28e/scipy-1.17.1-cp314-cp314-macosx_10_14_x86_64.whl", hash = "sha256:a48a72c77a310327f6a3a920092fa2b8fd03d7deaa60f093038f22d98e096717", size = 31584510, upload-time = "2026-02-23T00:21:01.015Z" },
    { url = "https://files.pythonhosted.org/packages/ed/a6/d05a85fd51daeb2e4ea71d102f15b34fedca8e931af02594193ae4fd25f7/scipy-1.17.1-cp314-cp314-macosx_12_0_arm64.whl", hash = "sha256:45abad819184f07240d8a696117a7aacd39787af9e0b719d00285549ed19a1e9", size = 28170131, upload-time = "2026-02-23T00:21:05.888Z" },
    { url = "https://files.pythonhosted.org/packages/db/7b/8624a203326675d7746a254083a187398090a179335b2e4a20e2ddc46e83/scipy-1.17.1-cp314-cp314-macosx_14_0_arm64.whl", hash = "sha256:3fd1fcdab3ea951b610dc4cef356d416d5802991e7e32b5254828d342f7b7e0b", size = 20342032, upload-time = "2026-02-23T00:21:09.904Z" },
    { url = "https://files.pythonhosted.org/packages/c9/35/2c342897c00775d688d8ff3987aced3426858fd89d5a0e26e020b660b301/scipy-1.17.1-cp314-cp314-macosx_14_0_x86_64.whl", hash = "sha256:7bdf2da170b67fdf10bca777614b1c7d96ae3ca5794fd9587dce41eb2966e866", size = 22678766, upload-time = "2026-02-23T00:21:14.313Z" },
    { url = "https://files.pythonhosted.org/packages/ef/f2/7cdb8eb308a1a6ae1e19f945913c82c23c0c442a462a46480ce487fdc0ac/scipy-1.17.1-cp314-cp314-manylinux_2_27_aarch64.manylinux_2_28_aarch64.whl", hash = "sha256:adb2642e060a6549c343603a3851ba76ef0b74cc8c079a9a58121c7ec9fe2350", size = 32957007, upload-time = "2026-02-23T00:21:19.663Z" },
    { url = "https://files.pythonhosted.org/packages/0b/2e/7eea398450457ecb54e18e9d10110993fa65561c4f3add5e8eccd2b9cd41/scipy-1.17.1-cp314-cp314-manylinux_2_27_x86_64.manylinux_2_28_x86_64.whl", hash = "sha256:eee2cfda04c00a857206a4330f0c5e3e56535494e30ca445eb19ec624ae75118", size = 35221333, upload-time = "2026-02-23T00:21:25.278Z" },
    { url = "https://files.pythonhosted.org/packages/d9/77/5b8509d03b77f093a0d52e606d3c4f79e8b06d1d38c441dacb1e26cacf46/scipy-1.17.1-cp314-cp314-musllinux_1_2_aarch64.whl", hash = "sha256:d2650c1fb97e184d12d8ba010493ee7b322864f7d3d00d3f9bb97d9c21de4068", size = 35042066, upload-time = "2026-02-23T00:21:31.358Z" },
    { url = "https://files.pythonhosted.org/packages/f9/df/18f80fb99df40b4070328d5ae5c596f2f00fffb50167e31439e932f29e7d/scipy-1.17.1-cp314-cp314-musllinux_1_2_x86_64.whl", hash = "sha256:08b900519463543aa604a06bec02461558a6e1cef8fdbb8098f77a48a83c8118", size = 37612763, upload-time = "2026-02-23T00:21:37.247Z" },
    { url = "https://files.pythonhosted.org/packages/4b/39/f0e8ea762a764a9dc52aa7dabcfad51a354819de1f0d4652b6a1122424d6/scipy-1.17.1-cp314-cp314-win_amd64.whl", hash = "sha256:3877ac408e14da24a6196de0ddcace62092bfc12a83823e92e49e40747e52c19", size = 37290984, upload-time = "2026-02-23T00:22:35.023Z" },
    { url = "https://files.pythonhosted.org/packages/7c/56/fe201e3b0f93d1a8bcf75d3379affd228a63d7e2d80ab45467a74b494947/scipy-1.17.1-cp314-cp314-win_arm64.whl", hash = "sha256:f8885db0bc2bffa59d5c1b72fad7a6a92d3e80e7257f967dd81abb553a90d293", size = 25192877, upload-time = "2026-02-23T00:22:39.798Z" },
    { url = "https://files.pythonhosted.org/packages/96/ad/f8c414e121f82e02d76f310f16db9899c4fcde36710329502a6b2a3c0392/scipy-1.17.1-cp314-cp314t-macosx_10_14_x86_64.whl", hash = "sha256:1cc682cea2ae55524432f3cdff9e9a3be743d52a7443d0cba9017c23c87ae2f6", size = 31949750, upload-time = "2026-02-23T00:21:42.289Z" },
    { url = "https://files.pythonhosted.org/packages/7c/b0/c741e8865d61b67c81e255f4f0a832846c064e426636cd7de84e74d209be/scipy-1.17.1-cp314-cp314t-macosx_12_0_arm64.whl", hash = "sha256:2040ad4d1795a0ae89bfc7e8429677f365d45aa9fd5e4587cf1ea737f927b4a1", size = 28585858, upload-time = "2026-02-23T00:21:47.706Z" },
    { url = "https://files.pythonhosted.org/packages/ed/1b/3985219c6177866628fa7c2595bfd23f193ceebbe472c98a08824b9466ff/scipy-1.17.1-cp314-cp314t-macosx_14_0_arm64.whl", hash = "sha256:131f5aaea57602008f9822e2115029b55d4b5f7c070287699fe45c661d051e39", size = 20757723, upload-time = "2026-02-23T00:21:52.039Z" },
    { url = "https://files.pythonhosted.org/packages/c0/19/2a04aa25050d656d6f7b9e7b685cc83d6957fb101665bfd9369ca6534563/scipy-1.17.1-cp314-cp314t-macosx_14_0_x86_64.whl", hash = "sha256:9cdc1a2fcfd5c52cfb3045feb399f7b3ce822abdde3a193a6b9a60b3cb5854ca", size = 23043098, upload-time = "2026-02-23T00:21:56.185Z" },
    { url = "https://files.pythonhosted.org/packages/86/f1/3383beb9b5d0dbddd030335bf8a8b32d4317185efe495374f134d8be6cce/scipy-1.17.1-cp314-cp314t-manylinux_2_27_aarch64.manylinux_2_28_aarch64.whl", hash = "sha256:6e3dcd57ab780c741fde8dc68619de988b966db759a3c3152e8e9142c26295ad", size = 33030397, upload-time = "2026-02-23T00:22:01.404Z" },
    { url = "https://files.pythonhosted.org/packages/41/68/8f21e8a65a5a03f25a79165ec9d2b28c00e66dc80546cf5eb803aeeff35b/scipy-1.17.1-cp314-cp314t-manylinux_2_27_x86_64.manylinux_2_28_x86_64.whl", hash = "sha256:a9956e4d4f4a301ebf6cde39850333a6b6110799d470dbbb1e25326ac447f52a", size = 35281163, upload-time = "2026-02-23T00:22:07.024Z" },
    { url = "https://files.pythonhosted.org/packages/84/8d/c8a5e19479554007a5632ed7529e665c315ae7492b4f946b0deb39870e39/scipy-1.17.1-cp314-cp314t-musllinux_1_2_aarch64.whl", hash = "sha256:a4328d245944d09fd639771de275701ccadf5f781ba0ff092ad141e017eccda4", size = 35116291, upload-time = "2026-02-23T00:22:12.585Z" },
    { url = "https://files.pythonhosted.org/packages/52/52/e57eceff0e342a1f50e274264ed47497b59e6a4e3118808ee58ddda7b74a/scipy-1.17.1-cp314-cp314t-musllinux_1_2_x86_64.whl", hash = "sha256:a77cbd07b940d326d39a1d1b37817e2ee4d79cb30e7338f3d0cddffae70fcaa2", size = 37682317, upload-time = "2026-02-23T00:22:18.513Z" },
    { url = "https://files.pythonhosted.org/packages/11/2f/b29eafe4a3fbc3d6de9662b36e028d5f039e72d345e05c250e121a230dd4/scipy-1.17.1-cp314-cp314t-win_amd64.whl", hash = "sha256:eb092099205ef62cd1782b006658db09e2fed75bffcae7cc0d44052d8aa0f484", size = 37345327, upload-time = "2026-02-23T00:22:24.442Z" },
    { url = "https://files.pythonhosted.org/packages/07/39/338d9219c4e87f3e708f18857ecd24d22a0c3094752393319553096b98af/scipy-1.17.1-cp314-cp314t-win_arm64.whl", hash = "sha256:200e1050faffacc162be6a486a984a0497866ec54149a01270adc8a59b7c7d21", size = 25489165, upload-time = "2026-02-23T00:22:29.563Z" },
]
